
Microsoft Visual Studio Solution File, Format Version 12.00
# Visual Studio Version 17
VisualStudioVersion = 17.8.34525.116
MinimumVisualStudioVersion = 10.0.40219.1
Project("{FAE04EC0-301F-11D3-BF4B-00C04F79EFBC}") = "Course", "Course\Course.csproj", "{FABFD884-E124-44FB-B026-DB0AAC6AEAE4}"
EndProject
Global
	GlobalSection(SolutionConfigurationPlatforms) = preSolution
		Debug|Any CPU = Debug|Any CPU
		Release|Any CPU = Release|Any CPU
	EndGlobalSection
	GlobalSection(ProjectConfigurationPlatforms) = postSolution
		{FABFD884-E124-44FB-B026-DB0AAC6AEAE4}.Debug|Any CPU.ActiveCfg = Debug|Any CPU
		{FABFD884-E124-44FB-B026-DB0AAC6AEAE4}.Debug|Any CPU.Build.0 = Debug|Any CPU
		{FABFD884-E124-44FB-B026-DB0AAC6AEAE4}.Release|Any CPU.ActiveCfg = Release|Any CPU
		{FABFD884-E124-44FB-B026-DB0AAC6AEAE4}.Release|Any CPU.Build.0 = Release|Any CPU
	EndGlobalSection
	GlobalSection(SolutionProperties) = preSolution
		HideSolutionNode = FALSE
	EndGlobalSection
	GlobalSection(ExtensibilityGlobals) = postSolution
		SolutionGuid = {BB1538D5-2166-4BBC-813D-398EBAC22561}
	EndGlobalSection
EndGlobal
